
Microsoft Visual Studio Solution File, Format Version 12.00
# Visual Studio Version 17
VisualStudioVersion = 17.0.31423.177
MinimumVisualStudioVersion = 10.0.40219.1
Project("{9A19103F-16F7-4668-BE54-9A1E7A4F7556}") = "Chess", "Chess\Chess.csproj", "{60683AAB-D73E-4D50-A3F0-6EED60FDE210}"
EndProject
Project("{9A19103F-16F7-4668-BE54-9A1E7A4F7556}") = "Chess.Tests", "Chess.Tests\Chess.Tests.csproj", "{1CA44994-EB2A-4671-A064-670F3796FF41}"
EndProject
Project("{FAE04EC0-301F-11D3-BF4B-00C04F79EFBC}") = "Chess.Benchmark", "Chess.Benchmark\Chess.Benchmark.csproj", "{086FA9D0-E295-4BF6-9978-1901DF26C253}"
EndProject
Global
	GlobalSection(SolutionConfigurationPlatforms) = preSolution
		Debug|Any CPU = Debug|Any CPU
		Release|Any CPU = Release|Any CPU
	EndGlobalSection
	GlobalSection(ProjectConfigurationPlatforms) = postSolution
		{60683AAB-D73E-4D50-A3F0-6EED60FDE210}.Debug|Any CPU.ActiveCfg = Debug|Any CPU
		{60683AAB-D73E-4D50-A3F0-6EED60FDE210}.Debug|Any CPU.Build.0 = Debug|Any CPU
		{60683AAB-D73E-4D50-A3F0-6EED60FDE210}.Release|Any CPU.ActiveCfg = Release|Any CPU
		{60683AAB-D73E-4D50-A3F0-6EED60FDE210}.Release|Any CPU.Build.0 = Release|Any CPU
		{1CA44994-EB2A-4671-A064-670F3796FF41}.Debug|Any CPU.ActiveCfg = Debug|Any CPU
		{1CA44994-EB2A-4671-A064-670F3796FF41}.Debug|Any CPU.Build.0 = Debug|Any CPU
		{1CA44994-EB2A-4671-A064-670F3796FF41}.Release|Any CPU.ActiveCfg = Release|Any CPU
		{1CA44994-EB2A-4671-A064-670F3796FF41}.Release|Any CPU.Build.0 = Release|Any CPU
		{086FA9D0-E295-4BF6-9978-1901DF26C253}.Debug|Any CPU.ActiveCfg = Debug|Any CPU
		{086FA9D0-E295-4BF6-9978-1901DF26C253}.Debug|Any CPU.Build.0 = Debug|Any CPU
		{086FA9D0-E295-4BF6-9978-1901DF26C253}.Release|Any CPU.ActiveCfg = Release|Any CPU
		{086FA9D0-E295-4BF6-9978-1901DF26C253}.Release|Any CPU.Build.0 = Release|Any CPU
	EndGlobalSection
	GlobalSection(SolutionProperties) = preSolution
		HideSolutionNode = FALSE
	EndGlobalSection
	GlobalSection(ExtensibilityGlobals) = postSolution
		SolutionGuid = {3FFEE7C2-D330-41ED-AB71-5C7FF5A370EB}
	EndGlobalSection
EndGlobal
